
Microsoft Visual Studio Solution File, Format Version 12.00
# Visual Studio Version 16
VisualStudioVersion = 16.0.30907.101
MinimumVisualStudioVersion = 10.0.40219.1
Project("{FAE04EC0-301F-11D3-BF4B-00C04F79EFBC}") = "SchoolLibrary", "SchoolLibrary\SchoolLibrary.csproj", "{28C55DE0-80B8-44CC-ABC9-088DF4B074B9}"
EndProject
Project("{FAE04EC0-301F-11D3-BF4B-00C04F79EFBC}") = "SchoolAPI", "SchoolAPI\SchoolAPI.csproj", "{AADE340A-C894-415E-AF9D-D1F7185EB00B}"
EndProject
Global
	GlobalSection(SolutionConfigurationPlatforms) = preSolution
		Debug|Any CPU = Debug|Any CPU
		Release|Any CPU = Release|Any CPU
	EndGlobalSection
	GlobalSection(ProjectConfigurationPlatforms) = postSolution
		{28C55DE0-80B8-44CC-ABC9-088DF4B074B9}.Debug|Any CPU.ActiveCfg = Debug|Any CPU
		{28C55DE0-80B8-44CC-ABC9-088DF4B074B9}.Debug|Any CPU.Build.0 = Debug|Any CPU
		{28C55DE0-80B8-44CC-ABC9-088DF4B074B9}.Release|Any CPU.ActiveCfg = Release|Any CPU
		{28C55DE0-80B8-44CC-ABC9-088DF4B074B9}.Release|Any CPU.Build.0 = Release|Any CPU
		{AADE340A-C894-415E-AF9D-D1F7185EB00B}.Debug|Any CPU.ActiveCfg = Debug|Any CPU
		{AADE340A-C894-415E-AF9D-D1F7185EB00B}.Debug|Any CPU.Build.0 = Debug|Any CPU
		{AADE340A-C894-415E-AF9D-D1F7185EB00B}.Release|Any CPU.ActiveCfg = Release|Any CPU
		{AADE340A-C894-415E-AF9D-D1F7185EB00B}.Release|Any CPU.Build.0 = Release|Any CPU
	EndGlobalSection
	GlobalSection(SolutionProperties) = preSolution
		HideSolutionNode = FALSE
	EndGlobalSection
	GlobalSection(ExtensibilityGlobals) = postSolution
		SolutionGuid = {E8751A42-2133-4DE0-AFCF-5B9FF9FEF997}
	EndGlobalSection
EndGlobal
